
Microsoft Visual Studio Solution File, Format Version 12.00
# Visual Studio 2012
Project("{FAE04EC0-301F-11D3-BF4B-00C04F79EFBC}") = "CSGO Data Uploader", "CSGO Data Uploader\CSGO Data Uploader.csproj", "{77EE352D-02C1-4C8B-85EB-4C0CDB3054DD}"
	ProjectSection(ProjectDependencies) = postProject
		{A82F5A7E-7BEA-46B1-9972-29B690EF036E} = {A82F5A7E-7BEA-46B1-9972-29B690EF036E}
		{4DA33EE8-3F32-4D91-82FA-3BC7F014263D} = {4DA33EE8-3F32-4D91-82FA-3BC7F014263D}
	EndProjectSection
EndProject
Project("{FAE04EC0-301F-11D3-BF4B-00C04F79EFBC}") = "DemoParser", "..\..\..\..\..\Desktop\demoinfo-master\demoinfo-master\DemoParser\DemoParser.csproj", "{A82F5A7E-7BEA-46B1-9972-29B690EF036E}"
EndProject
Project("{FAE04EC0-301F-11D3-BF4B-00C04F79EFBC}") = "Updater", "Updater\Updater.csproj", "{4DA33EE8-3F32-4D91-82FA-3BC7F014263D}"
EndProject
Global
	GlobalSection(SolutionConfigurationPlatforms) = preSolution
		Bitstream-Debugging|Any CPU = Bitstream-Debugging|Any CPU
		Debug|Any CPU = Debug|Any CPU
		Release|Any CPU = Release|Any CPU
		SavePropValues|Any CPU = SavePropValues|Any CPU
		YoloDebug|Any CPU = YoloDebug|Any CPU
	EndGlobalSection
	GlobalSection(ProjectConfigurationPlatforms) = postSolution
		{77EE352D-02C1-4C8B-85EB-4C0CDB3054DD}.Bitstream-Debugging|Any CPU.ActiveCfg = Debug|Any CPU
		{77EE352D-02C1-4C8B-85EB-4C0CDB3054DD}.Bitstream-Debugging|Any CPU.Build.0 = Debug|Any CPU
		{77EE352D-02C1-4C8B-85EB-4C0CDB3054DD}.Debug|Any CPU.ActiveCfg = Debug|Any CPU
		{77EE352D-02C1-4C8B-85EB-4C0CDB3054DD}.Debug|Any CPU.Build.0 = Debug|Any CPU
		{77EE352D-02C1-4C8B-85EB-4C0CDB3054DD}.Release|Any CPU.ActiveCfg = Release|Any CPU
		{77EE352D-02C1-4C8B-85EB-4C0CDB3054DD}.Release|Any CPU.Build.0 = Release|Any CPU
		{77EE352D-02C1-4C8B-85EB-4C0CDB3054DD}.SavePropValues|Any CPU.ActiveCfg = Release|Any CPU
		{77EE352D-02C1-4C8B-85EB-4C0CDB3054DD}.SavePropValues|Any CPU.Build.0 = Release|Any CPU
		{77EE352D-02C1-4C8B-85EB-4C0CDB3054DD}.YoloDebug|Any CPU.ActiveCfg = Debug|Any CPU
		{77EE352D-02C1-4C8B-85EB-4C0CDB3054DD}.YoloDebug|Any CPU.Build.0 = Debug|Any CPU
		{A82F5A7E-7BEA-46B1-9972-29B690EF036E}.Bitstream-Debugging|Any CPU.ActiveCfg = Debug|Any CPU
		{A82F5A7E-7BEA-46B1-9972-29B690EF036E}.Bitstream-Debugging|Any CPU.Build.0 = Debug|Any CPU
		{A82F5A7E-7BEA-46B1-9972-29B690EF036E}.Debug|Any CPU.ActiveCfg = Debug|Any CPU
		{A82F5A7E-7BEA-46B1-9972-29B690EF036E}.Debug|Any CPU.Build.0 = Debug|Any CPU
		{A82F5A7E-7BEA-46B1-9972-29B690EF036E}.Release|Any CPU.ActiveCfg = Release|Any CPU
		{A82F5A7E-7BEA-46B1-9972-29B690EF036E}.Release|Any CPU.Build.0 = Release|Any CPU
		{A82F5A7E-7BEA-46B1-9972-29B690EF036E}.SavePropValues|Any CPU.ActiveCfg = Release|Any CPU
		{A82F5A7E-7BEA-46B1-9972-29B690EF036E}.SavePropValues|Any CPU.Build.0 = Release|Any CPU
		{A82F5A7E-7BEA-46B1-9972-29B690EF036E}.YoloDebug|Any CPU.ActiveCfg = Debug|Any CPU
		{A82F5A7E-7BEA-46B1-9972-29B690EF036E}.YoloDebug|Any CPU.Build.0 = Debug|Any CPU
		{4DA33EE8-3F32-4D91-82FA-3BC7F014263D}.Bitstream-Debugging|Any CPU.ActiveCfg = Debug|Any CPU
		{4DA33EE8-3F32-4D91-82FA-3BC7F014263D}.Bitstream-Debugging|Any CPU.Build.0 = Debug|Any CPU
		{4DA33EE8-3F32-4D91-82FA-3BC7F014263D}.Debug|Any CPU.ActiveCfg = Debug|Any CPU
		{4DA33EE8-3F32-4D91-82FA-3BC7F014263D}.Debug|Any CPU.Build.0 = Debug|Any CPU
		{4DA33EE8-3F32-4D91-82FA-3BC7F014263D}.Release|Any CPU.ActiveCfg = Release|Any CPU
		{4DA33EE8-3F32-4D91-82FA-3BC7F014263D}.Release|Any CPU.Build.0 = Release|Any CPU
		{4DA33EE8-3F32-4D91-82FA-3BC7F014263D}.SavePropValues|Any CPU.ActiveCfg = Release|Any CPU
		{4DA33EE8-3F32-4D91-82FA-3BC7F014263D}.SavePropValues|Any CPU.Build.0 = Release|Any CPU
		{4DA33EE8-3F32-4D91-82FA-3BC7F014263D}.YoloDebug|Any CPU.ActiveCfg = Debug|Any CPU
		{4DA33EE8-3F32-4D91-82FA-3BC7F014263D}.YoloDebug|Any CPU.Build.0 = Debug|Any CPU
	EndGlobalSection
	GlobalSection(SolutionProperties) = preSolution
		HideSolutionNode = FALSE
	EndGlobalSection
EndGlobal
